
Microsoft Visual Studio Solution File, Format Version 12.00
# Visual Studio Version 17
VisualStudioVersion = 17.9.34728.123
MinimumVisualStudioVersion = 10.0.40219.1
Project("{9A19103F-16F7-4668-BE54-9A1E7A4F7556}") = "ConsoleUpdater", "ConsoleUpdater\ConsoleUpdater.csproj", "{328D96DF-27E7-49A9-846B-BA3FABDDB673}"
EndProject
Project("{9A19103F-16F7-4668-BE54-9A1E7A4F7556}") = "UpdaterLibrary", "UpdaterLibrary\UpdaterLibrary.csproj", "{3D5B5F55-3AFE-4134-970F-9F9C25ACF9F1}"
EndProject
Global
	GlobalSection(SolutionConfigurationPlatforms) = preSolution
		Debug|Any CPU = Debug|Any CPU
		Release|Any CPU = Release|Any CPU
	EndGlobalSection
	GlobalSection(ProjectConfigurationPlatforms) = postSolution
		{328D96DF-27E7-49A9-846B-BA3FABDDB673}.Debug|Any CPU.ActiveCfg = Debug|Any CPU
		{328D96DF-27E7-49A9-846B-BA3FABDDB673}.Debug|Any CPU.Build.0 = Debug|Any CPU
		{328D96DF-27E7-49A9-846B-BA3FABDDB673}.Release|Any CPU.ActiveCfg = Release|Any CPU
		{328D96DF-27E7-49A9-846B-BA3FABDDB673}.Release|Any CPU.Build.0 = Release|Any CPU
		{3D5B5F55-3AFE-4134-970F-9F9C25ACF9F1}.Debug|Any CPU.ActiveCfg = Debug|Any CPU
		{3D5B5F55-3AFE-4134-970F-9F9C25ACF9F1}.Debug|Any CPU.Build.0 = Debug|Any CPU
		{3D5B5F55-3AFE-4134-970F-9F9C25ACF9F1}.Release|Any CPU.ActiveCfg = Release|Any CPU
		{3D5B5F55-3AFE-4134-970F-9F9C25ACF9F1}.Release|Any CPU.Build.0 = Release|Any CPU
	EndGlobalSection
	GlobalSection(SolutionProperties) = preSolution
		HideSolutionNode = FALSE
	EndGlobalSection
	GlobalSection(ExtensibilityGlobals) = postSolution
		SolutionGuid = {2B2F8A1F-18F6-4080-BBBD-27FB036C60BA}
	EndGlobalSection
EndGlobal
